
Microsoft Visual Studio Solution File, Format Version 12.00
# Visual Studio Version 17
VisualStudioVersion = 17.2.32602.215
MinimumVisualStudioVersion = 10.0.40219.1
Project("{9A19103F-16F7-4668-BE54-9A1E7A4F7556}") = "BoardGameLibrary", "BoardGameLibrary\BoardGameLibrary.csproj", "{A7D9D363-F83B-4D1A-8C2A-5F8DE3504D85}"
EndProject
Project("{9A19103F-16F7-4668-BE54-9A1E7A4F7556}") = "BoardGameLibrary.Tests", "BoardGameLibrary.Tests\BoardGameLibrary.Tests.csproj", "{61A268DE-D48A-4F72-97CD-34195F82BD2F}"
EndProject
Global
	GlobalSection(SolutionConfigurationPlatforms) = preSolution
		Debug|Any CPU = Debug|Any CPU
		Release|Any CPU = Release|Any CPU
	EndGlobalSection
	GlobalSection(ProjectConfigurationPlatforms) = postSolution
		{A7D9D363-F83B-4D1A-8C2A-5F8DE3504D85}.Debug|Any CPU.ActiveCfg = Debug|Any CPU
		{A7D9D363-F83B-4D1A-8C2A-5F8DE3504D85}.Debug|Any CPU.Build.0 = Debug|Any CPU
		{A7D9D363-F83B-4D1A-8C2A-5F8DE3504D85}.Release|Any CPU.ActiveCfg = Release|Any CPU
		{A7D9D363-F83B-4D1A-8C2A-5F8DE3504D85}.Release|Any CPU.Build.0 = Release|Any CPU
		{61A268DE-D48A-4F72-97CD-34195F82BD2F}.Debug|Any CPU.ActiveCfg = Debug|Any CPU
		{61A268DE-D48A-4F72-97CD-34195F82BD2F}.Debug|Any CPU.Build.0 = Debug|Any CPU
		{61A268DE-D48A-4F72-97CD-34195F82BD2F}.Release|Any CPU.ActiveCfg = Release|Any CPU
		{61A268DE-D48A-4F72-97CD-34195F82BD2F}.Release|Any CPU.Build.0 = Release|Any CPU
	EndGlobalSection
	GlobalSection(SolutionProperties) = preSolution
		HideSolutionNode = FALSE
	EndGlobalSection
	GlobalSection(ExtensibilityGlobals) = postSolution
		SolutionGuid = {F8A714FC-8071-47E6-A7C7-91BFDC89F7C3}
	EndGlobalSection
EndGlobal
